
Microsoft Visual Studio Solution File, Format Version 12.00
# Visual Studio 15
VisualStudioVersion = 15.0.28307.168
MinimumVisualStudioVersion = 10.0.40219.1
Project("{9A19103F-16F7-4668-BE54-9A1E7A4F7556}") = "Backend", "Backend\Backend.csproj", "{4BDA37A5-4390-49C2-896A-4EE154C4E77B}"
EndProject
Project("{9A19103F-16F7-4668-BE54-9A1E7A4F7556}") = "Backend.BLL", "Backend.BLL\Backend.BLL.csproj", "{C39E6EDD-26F5-49BC-9A59-A540BD99883A}"
EndProject
Project("{9A19103F-16F7-4668-BE54-9A1E7A4F7556}") = "Backend.DAL", "Backend.DAL\Backend.DAL.csproj", "{0761C0A5-7B18-4D2F-9FF2-CB58229856D3}"
EndProject
Global
	GlobalSection(SolutionConfigurationPlatforms) = preSolution
		Debug|Any CPU = Debug|Any CPU
		Release|Any CPU = Release|Any CPU
	EndGlobalSection
	GlobalSection(ProjectConfigurationPlatforms) = postSolution
		{4BDA37A5-4390-49C2-896A-4EE154C4E77B}.Debug|Any CPU.ActiveCfg = Debug|Any CPU
		{4BDA37A5-4390-49C2-896A-4EE154C4E77B}.Debug|Any CPU.Build.0 = Debug|Any CPU
		{4BDA37A5-4390-49C2-896A-4EE154C4E77B}.Release|Any CPU.ActiveCfg = Release|Any CPU
		{4BDA37A5-4390-49C2-896A-4EE154C4E77B}.Release|Any CPU.Build.0 = Release|Any CPU
		{C39E6EDD-26F5-49BC-9A59-A540BD99883A}.Debug|Any CPU.ActiveCfg = Debug|Any CPU
		{C39E6EDD-26F5-49BC-9A59-A540BD99883A}.Debug|Any CPU.Build.0 = Debug|Any CPU
		{C39E6EDD-26F5-49BC-9A59-A540BD99883A}.Release|Any CPU.ActiveCfg = Release|Any CPU
		{C39E6EDD-26F5-49BC-9A59-A540BD99883A}.Release|Any CPU.Build.0 = Release|Any CPU
		{0761C0A5-7B18-4D2F-9FF2-CB58229856D3}.Debug|Any CPU.ActiveCfg = Debug|Any CPU
		{0761C0A5-7B18-4D2F-9FF2-CB58229856D3}.Debug|Any CPU.Build.0 = Debug|Any CPU
		{0761C0A5-7B18-4D2F-9FF2-CB58229856D3}.Release|Any CPU.ActiveCfg = Release|Any CPU
		{0761C0A5-7B18-4D2F-9FF2-CB58229856D3}.Release|Any CPU.Build.0 = Release|Any CPU
	EndGlobalSection
	GlobalSection(SolutionProperties) = preSolution
		HideSolutionNode = FALSE
	EndGlobalSection
	GlobalSection(ExtensibilityGlobals) = postSolution
		SolutionGuid = {725A5BDD-410D-460C-B9E7-0D1D61799921}
	EndGlobalSection
EndGlobal
